
Microsoft Visual Studio Solution File, Format Version 12.00
# Visual Studio Version 16
VisualStudioVersion = 16.0.29326.143
MinimumVisualStudioVersion = 10.0.40219.1
Project("{9A19103F-16F7-4668-BE54-9A1E7A4F7556}") = "RWD.Toolbox.Ui.Middleware.CspHeader", "RWD.Toolbox.Ui.Middleware.CspHeader\RWD.Toolbox.Ui.Middleware.CspHeader.csproj", "{D94737EB-FE07-4EF9-81B2-B102B93FC164}"
EndProject
Project("{9A19103F-16F7-4668-BE54-9A1E7A4F7556}") = "RWD.Toolboox.Ui.Middleware.SecurityHeaders", "RWD.Toolboox.Ui.Middleware.SecurityHeaders\RWD.Toolboox.Ui.Middleware.SecurityHeaders.csproj", "{197D2AB1-A7AD-4B35-B0CC-060F0F19458D}"
EndProject
Global
	GlobalSection(SolutionConfigurationPlatforms) = preSolution
		Debug|Any CPU = Debug|Any CPU
		Release|Any CPU = Release|Any CPU
	EndGlobalSection
	GlobalSection(ProjectConfigurationPlatforms) = postSolution
		{D94737EB-FE07-4EF9-81B2-B102B93FC164}.Debug|Any CPU.ActiveCfg = Debug|Any CPU
		{D94737EB-FE07-4EF9-81B2-B102B93FC164}.Debug|Any CPU.Build.0 = Debug|Any CPU
		{D94737EB-FE07-4EF9-81B2-B102B93FC164}.Release|Any CPU.ActiveCfg = Release|Any CPU
		{D94737EB-FE07-4EF9-81B2-B102B93FC164}.Release|Any CPU.Build.0 = Release|Any CPU
		{197D2AB1-A7AD-4B35-B0CC-060F0F19458D}.Debug|Any CPU.ActiveCfg = Debug|Any CPU
		{197D2AB1-A7AD-4B35-B0CC-060F0F19458D}.Debug|Any CPU.Build.0 = Debug|Any CPU
		{197D2AB1-A7AD-4B35-B0CC-060F0F19458D}.Release|Any CPU.ActiveCfg = Release|Any CPU
		{197D2AB1-A7AD-4B35-B0CC-060F0F19458D}.Release|Any CPU.Build.0 = Release|Any CPU
	EndGlobalSection
	GlobalSection(SolutionProperties) = preSolution
		HideSolutionNode = FALSE
	EndGlobalSection
	GlobalSection(ExtensibilityGlobals) = postSolution
		SolutionGuid = {BAFD9F94-6C63-46C6-8DAA-4B3FCA792B5E}
	EndGlobalSection
EndGlobal
