
Microsoft Visual Studio Solution File, Format Version 12.00
# Visual Studio Version 17
VisualStudioVersion = 17.3.32819.101
MinimumVisualStudioVersion = 10.0.40219.1
Project("{9A19103F-16F7-4668-BE54-9A1E7A4F7556}") = "RWD.Toolbox.Ui.Middleware.CspHeader", "RWD.Toolbox.Ui.Middleware.CspHeader\RWD.Toolbox.Ui.Middleware.CspHeader.csproj", "{D94737EB-FE07-4EF9-81B2-B102B93FC164}"
EndProject
Project("{9A19103F-16F7-4668-BE54-9A1E7A4F7556}") = "RWD.Toolbox.Ui.Middleware.SecurityHeaders", "RWD.Toolbox.Ui.Middleware.SecurityHeaders\RWD.Toolbox.Ui.Middleware.SecurityHeaders.csproj", "{A053D741-662F-4798-9207-475E32ED7508}"
EndProject
Project("{2150E333-8FDC-42A3-9474-1A3956D46DE8}") = "Solution Itmes", "Solution Itmes", "{DCF7A767-33CF-4FE0-B3BD-AEA531158951}"
	ProjectSection(SolutionItems) = preProject
		.gitattributes = .gitattributes
		.gitignore = .gitignore
		eula.md = eula.md
		README.md = README.md
		RWDevs-NuGet.jpg = RWDevs-NuGet.jpg
	EndProjectSection
EndProject
Project("{9A19103F-16F7-4668-BE54-9A1E7A4F7556}") = "RWD.Toolbox.Ui.Middleware.PermissionsPolicy", "RWD.Toolbox.Ui.Middleware.PermissionsPolicy\RWD.Toolbox.Ui.Middleware.PermissionsPolicy.csproj", "{6324B851-1D5F-425F-B8CD-AE6E10C800D1}"
EndProject
Project("{9A19103F-16F7-4668-BE54-9A1E7A4F7556}") = "RWD.Toolbox.Ui.Middleware.Demo", "RWD.Toolbox.Ui.Middleware.Demo\RWD.Toolbox.Ui.Middleware.Demo.csproj", "{E1C94482-1991-47A1-8ED0-FBDA44B214C3}"
EndProject
Global
	GlobalSection(SolutionConfigurationPlatforms) = preSolution
		Debug|Any CPU = Debug|Any CPU
		Release|Any CPU = Release|Any CPU
	EndGlobalSection
	GlobalSection(ProjectConfigurationPlatforms) = postSolution
		{D94737EB-FE07-4EF9-81B2-B102B93FC164}.Debug|Any CPU.ActiveCfg = Debug|Any CPU
		{D94737EB-FE07-4EF9-81B2-B102B93FC164}.Debug|Any CPU.Build.0 = Debug|Any CPU
		{D94737EB-FE07-4EF9-81B2-B102B93FC164}.Release|Any CPU.ActiveCfg = Release|Any CPU
		{D94737EB-FE07-4EF9-81B2-B102B93FC164}.Release|Any CPU.Build.0 = Release|Any CPU
		{A053D741-662F-4798-9207-475E32ED7508}.Debug|Any CPU.ActiveCfg = Debug|Any CPU
		{A053D741-662F-4798-9207-475E32ED7508}.Debug|Any CPU.Build.0 = Debug|Any CPU
		{A053D741-662F-4798-9207-475E32ED7508}.Release|Any CPU.ActiveCfg = Release|Any CPU
		{A053D741-662F-4798-9207-475E32ED7508}.Release|Any CPU.Build.0 = Release|Any CPU
		{6324B851-1D5F-425F-B8CD-AE6E10C800D1}.Debug|Any CPU.ActiveCfg = Debug|Any CPU
		{6324B851-1D5F-425F-B8CD-AE6E10C800D1}.Debug|Any CPU.Build.0 = Debug|Any CPU
		{6324B851-1D5F-425F-B8CD-AE6E10C800D1}.Release|Any CPU.ActiveCfg = Release|Any CPU
		{6324B851-1D5F-425F-B8CD-AE6E10C800D1}.Release|Any CPU.Build.0 = Release|Any CPU
		{E1C94482-1991-47A1-8ED0-FBDA44B214C3}.Debug|Any CPU.ActiveCfg = Debug|Any CPU
		{E1C94482-1991-47A1-8ED0-FBDA44B214C3}.Release|Any CPU.ActiveCfg = Release|Any CPU
		{E1C94482-1991-47A1-8ED0-FBDA44B214C3}.Release|Any CPU.Build.0 = Release|Any CPU
	EndGlobalSection
	GlobalSection(SolutionProperties) = preSolution
		HideSolutionNode = FALSE
	EndGlobalSection
	GlobalSection(ExtensibilityGlobals) = postSolution
		SolutionGuid = {BAFD9F94-6C63-46C6-8DAA-4B3FCA792B5E}
	EndGlobalSection
EndGlobal
